# Generated by pub
# See https://dart.dev/tools/pub/glossary#lockfile
packages:
  _fe_analyzer_shared:
    dependency: transitive
    description:
      name: _fe_analyzer_shared
      sha256: "4826f97faae3af9761f26c52e56b2aa5ffd18d2c1721d984ad85137721c25f43"
      url: "https://pub.dev"
    source: hosted
    version: "31.0.0"
  analyzer:
    dependency: transitive
    description:
      name: analyzer
      sha256: "7337610c3f9cd13e6b7c6bb0f410644091cf63c9a1436e73352a70f3286abb03"
      url: "https://pub.dev"
    source: hosted
    version: "2.8.0"
  animated_snack_bar:
    dependency: "direct main"
    description:
      name: animated_snack_bar
      sha256: "84e6d2ccc1945c7739f3d4b352cd30bfbec404f77ded4d2127a505e9e8570a25"
      url: "https://pub.dev"
    source: hosted
    version: "0.2.2"
  args:
    dependency: transitive
    description:
      name: args
      sha256: b003c3098049a51720352d219b0bb5f219b60fbfb68e7a4748139a06a5676515
      url: "https://pub.dev"
    source: hosted
    version: "2.3.1"
  async:
    dependency: transitive
    description:
      name: async
      sha256: bfe67ef28df125b7dddcea62755991f807aa39a2492a23e1550161692950bbe0
      url: "https://pub.dev"
    source: hosted
    version: "2.10.0"
  bloc:
    dependency: transitive
    description:
      name: bloc
      sha256: bd4f8027bfa60d96c8046dec5ce74c463b2c918dce1b0d36593575995344534a
      url: "https://pub.dev"
    source: hosted
    version: "8.1.0"
  boolean_selector:
    dependency: transitive
    description:
      name: boolean_selector
      sha256: "6cfb5af12253eaf2b368f07bacc5a80d1301a071c73360d746b7f2e32d762c66"
      url: "https://pub.dev"
    source: hosted
    version: "2.1.1"
  build:
    dependency: transitive
    description:
      name: build
      sha256: "3fbda25365741f8251b39f3917fb3c8e286a96fd068a5a242e11c2012d495777"
      url: "https://pub.dev"
    source: hosted
    version: "2.3.1"
  build_config:
    dependency: transitive
    description:
      name: build_config
      sha256: "5b7355c14258f5e7df24bad1566f7b991de3e54aeacfb94e1a65e5233d9739c1"
      url: "https://pub.dev"
    source: hosted
    version: "1.1.0"
  build_daemon:
    dependency: transitive
    description:
      name: build_daemon
      sha256: "6bc5544ea6ce4428266e7ea680e945c68806c4aae2da0eb5e9ccf38df8d6acbf"
      url: "https://pub.dev"
    source: hosted
    version: "3.1.0"
  build_resolvers:
    dependency: transitive
    description:
      name: build_resolvers
      sha256: "4666aef1d045c5ca15ebba63e400bd4e4fbd9f0dd06e791b51ab210da78a27f7"
      url: "https://pub.dev"
    source: hosted
    version: "2.0.6"
  build_runner:
    dependency: "direct dev"
    description:
      name: build_runner
      sha256: "56942f8114731d1e79942cd981cfef29501937ff1bccf4dbdce0273f31f13640"
      url: "https://pub.dev"
    source: hosted
    version: "2.2.0"
  build_runner_core:
    dependency: transitive
    description:
      name: build_runner_core
      sha256: "409c20ff6b6a9c9f4152fc9fcbf16440fedf02fcacc0fb26ea3b8eab9a860a40"
      url: "https://pub.dev"
    source: hosted
    version: "7.2.4"
  built_collection:
    dependency: transitive
    description:
      name: built_collection
      sha256: "376e3dd27b51ea877c28d525560790aee2e6fbb5f20e2f85d5081027d94e2100"
      url: "https://pub.dev"
    source: hosted
    version: "5.1.1"
  built_value:
    dependency: transitive
    description:
      name: built_value
      sha256: d7a9cd57c215bdf8d502772447aa6b52a8ab3f956d25d5fdea6ef1df2d2dad60
      url: "https://pub.dev"
    source: hosted
    version: "8.4.1"
  characters:
    dependency: transitive
    description:
      name: characters
      sha256: e6a326c8af69605aec75ed6c187d06b349707a27fbff8222ca9cc2cff167975c
      url: "https://pub.dev"
    source: hosted
    version: "1.2.1"
  checked_yaml:
    dependency: transitive
    description:
      name: checked_yaml
      sha256: dd007e4fb8270916820a0d66e24f619266b60773cddd082c6439341645af2659
      url: "https://pub.dev"
    source: hosted
    version: "2.0.1"
  cli_util:
    dependency: transitive
    description:
      name: cli_util
      sha256: "66f86e916d285c1a93d3b79587d94bd71984a66aac4ff74e524cfa7877f1395c"
      url: "https://pub.dev"
    source: hosted
    version: "0.3.5"
  clock:
    dependency: transitive
    description:
      name: clock
      sha256: cb6d7f03e1de671e34607e909a7213e31d7752be4fb66a86d29fe1eb14bfb5cf
      url: "https://pub.dev"
    source: hosted
    version: "1.1.1"
  cloud_firestore:
    dependency: "direct main"
    description:
      name: cloud_firestore
      sha256: e135d350ea6049e24697a61c19112342182848c4371b831f821c479f817d46e2
      url: "https://pub.dev"
    source: hosted
    version: "3.4.2"
  cloud_firestore_platform_interface:
    dependency: transitive
    description:
      name: cloud_firestore_platform_interface
      sha256: "2927279c39c258ef810a96af363f9e9ba73a40646ac6997de9fc19d0cf8a74a3"
      url: "https://pub.dev"
    source: hosted
    version: "5.7.0"
  cloud_firestore_web:
    dependency: transitive
    description:
      name: cloud_firestore_web
      sha256: "5a34e66db759964dab087b5532ac8a13cfe77f50ce599d672ae6226f31ad786a"
      url: "https://pub.dev"
    source: hosted
    version: "2.8.2"
  code_builder:
    dependency: transitive
    description:
      name: code_builder
      sha256: "02ce3596b459c666530f045ad6f96209474e8fee6e4855940a3cee65fb872ec5"
      url: "https://pub.dev"
    source: hosted
    version: "4.3.0"
  collection:
    dependency: transitive
    description:
      name: collection
      sha256: cfc915e6923fe5ce6e153b0723c753045de46de1b4d63771530504004a45fae0
      url: "https://pub.dev"
    source: hosted
    version: "1.17.0"
  convert:
    dependency: transitive
    description:
      name: convert
      sha256: "196284f26f69444b7f5c50692b55ec25da86d9e500451dc09333bf2e3ad69259"
      url: "https://pub.dev"
    source: hosted
    version: "3.0.2"
  crypto:
    dependency: transitive
    description:
      name: crypto
      sha256: aa274aa7774f8964e4f4f38cc994db7b6158dd36e9187aaceaddc994b35c6c67
      url: "https://pub.dev"
    source: hosted
    version: "3.0.2"
  cupertino_icons:
    dependency: "direct main"
    description:
      name: cupertino_icons
      sha256: e35129dc44c9118cee2a5603506d823bab99c68393879edb440e0090d07586be
      url: "https://pub.dev"
    source: hosted
    version: "1.0.5"
  dart_style:
    dependency: transitive
    description:
      name: dart_style
      sha256: "6e8086e1d3c2f6bc15056ee248c4ddc48c2bc71287c0961bf801a08633ed4333"
      url: "https://pub.dev"
    source: hosted
    version: "2.2.1"
  dartx:
    dependency: "direct main"
    description:
      name: dartx
      sha256: "45d7176701f16c5a5e00a4798791c1964bc231491b879369c818dd9a9c764871"
      url: "https://pub.dev"
    source: hosted
    version: "1.1.0"
  date_time_picker:
    dependency: "direct main"
    description:
      name: date_time_picker
      sha256: "6923c568bcb67a66ab7e083708d0adbcae8214b41bb84d49febc17e89e06fc4a"
      url: "https://pub.dev"
    source: hosted
    version: "2.1.0"
  dbus:
    dependency: transitive
    description:
      name: dbus
      sha256: "6f07cba3f7b3448d42d015bfd3d53fe12e5b36da2423f23838efc1d5fb31a263"
      url: "https://pub.dev"
    source: hosted
    version: "0.7.8"
  device_info_plus:
    dependency: "direct main"
    description:
      name: device_info_plus
      sha256: "717a1d782b01ecbd0890b9a8994cb018ae2a9a617dddf681217567189008915c"
      url: "https://pub.dev"
    source: hosted
    version: "6.0.0"
  device_info_plus_linux:
    dependency: transitive
    description:
      name: device_info_plus_linux
      sha256: ebefd15fa43df3a8b222d6a120f23771c18b62b8306b07f72f546927475b2bd6
      url: "https://pub.dev"
    source: hosted
    version: "5.0.0"
  device_info_plus_macos:
    dependency: transitive
    description:
      name: device_info_plus_macos
      sha256: "9e540a74d7f307e640db2caa059d4b55676ffe7f2bc5cf3d103f6e7fdb6ac153"
      url: "https://pub.dev"
    source: hosted
    version: "5.0.0"
  device_info_plus_platform_interface:
    dependency: transitive
    description:
      name: device_info_plus_platform_interface
      sha256: adac28cb9101434260279bf36adeac8cafac8d120d0d942dabb2c6bd9a03b4c7
      url: "https://pub.dev"
    source: hosted
    version: "5.0.0"
  device_info_plus_web:
    dependency: transitive
    description:
      name: device_info_plus_web
      sha256: de7e651339a77b003af7cd77d83afbbd4f4848fd8892dbc80910278a8cf45f7b
      url: "https://pub.dev"
    source: hosted
    version: "5.0.0"
  device_info_plus_windows:
    dependency: transitive
    description:
      name: device_info_plus_windows
      sha256: "803371e6c0ed01b7cda9ae7c8628ea1a6646a6f2b8fb8e1c9376fda19fa123b3"
      url: "https://pub.dev"
    source: hosted
    version: "6.0.0"
  dio:
    dependency: "direct main"
    description:
      name: dio
      sha256: "7d328c4d898a61efc3cd93655a0955858e29a0aa647f0f9e02d59b3bb275e2e8"
      url: "https://pub.dev"
    source: hosted
    version: "4.0.6"
  easy_image_viewer:
    dependency: "direct main"
    description:
      name: easy_image_viewer
      sha256: ed78afed00e0c3d12fd4d327fc62340da19a17c91fdf0b52cabf6798d2959f25
      url: "https://pub.dev"
    source: hosted
    version: "1.0.4"
  easy_localization:
    dependency: "direct main"
    description:
      name: easy_localization
      sha256: "6a2e99fa0bfe5765bf4c6ca9b137d5de2c75593007178c5e4cd2ae985f870080"
      url: "https://pub.dev"
    source: hosted
    version: "3.0.1"
  easy_logger:
    dependency: transitive
    description:
      name: easy_logger
      sha256: c764a6e024846f33405a2342caf91c62e357c24b02c04dbc712ef232bf30ffb7
      url: "https://pub.dev"
    source: hosted
    version: "0.0.2"
  fake_async:
    dependency: transitive
    description:
      name: fake_async
      sha256: "511392330127add0b769b75a987850d136345d9227c6b94c96a04cf4a391bf78"
      url: "https://pub.dev"
    source: hosted
    version: "1.3.1"
  ffi:
    dependency: transitive
    description:
      name: ffi
      sha256: a38574032c5f1dd06c4aee541789906c12ccaab8ba01446e800d9c5b79c4a978
      url: "https://pub.dev"
    source: hosted
    version: "2.0.1"
  file:
    dependency: transitive
    description:
      name: file
      sha256: b69516f2c26a5bcac4eee2e32512e1a5205ab312b3536c1c1227b2b942b5f9ad
      url: "https://pub.dev"
    source: hosted
    version: "6.1.2"
  file_picker:
    dependency: "direct main"
    description:
      name: file_picker
      sha256: aeeb811e81c3831124fb9dc1077e42d3837de401f4762dd371cb108e9c9fb2a4
      url: "https://pub.dev"
    source: hosted
    version: "5.0.0"
  firebase_auth:
    dependency: "direct main"
    description:
      name: firebase_auth
      sha256: d92318bbcc6be3bbcc2e22377ae1d4bcca831ca9fb7bfe70d0c73ae95e7e7e0c
      url: "https://pub.dev"
    source: hosted
    version: "3.6.1"
  firebase_auth_platform_interface:
    dependency: transitive
    description:
      name: firebase_auth_platform_interface
      sha256: "50e383e51a085bfe8f749493552da304b9021ae6b9574bb463420d781aca0c58"
      url: "https://pub.dev"
    source: hosted
    version: "6.5.1"
  firebase_auth_web:
    dependency: transitive
    description:
      name: firebase_auth_web
      sha256: "2db4508fed8cc6daeb8d9cf18577bf61c109f243af014bc0cf04884b09e92845"
      url: "https://pub.dev"
    source: hosted
    version: "4.2.1"
  firebase_core:
    dependency: "direct main"
    description:
      name: firebase_core
      sha256: d6ea5525c868e3034b5f2407deb06f75d2e83f8e04c2478940e924d813e76164
      url: "https://pub.dev"
    source: hosted
    version: "1.20.0"
  firebase_core_platform_interface:
    dependency: transitive
    description:
      name: firebase_core_platform_interface
      sha256: b51257a8b4388565cd66062d727d3e60067b5f5cc3390eb0ecd20b8f97741bdb
      url: "https://pub.dev"
    source: hosted
    version: "4.5.1"
  firebase_core_web:
    dependency: transitive
    description:
      name: firebase_core_web
      sha256: "26f5ed9c1eb209464ef77c0da41f3273e713f63d7d96bf8b40f0d614c99f0389"
      url: "https://pub.dev"
    source: hosted
    version: "1.7.2"
  firebase_messaging:
    dependency: "direct main"
    description:
      name: firebase_messaging
      sha256: "8ecfc8d0e86054b4cecfb84c23e6f179baa1b48b2add69a1b2a121fe2e963fa8"
      url: "https://pub.dev"
    source: hosted
    version: "13.0.3"
  firebase_messaging_platform_interface:
    dependency: transitive
    description:
      name: firebase_messaging_platform_interface
      sha256: "4627d987700a26ec69e3d5b5d5895530cfe99f709eefa63d17affc1868fd5c17"
      url: "https://pub.dev"
    source: hosted
    version: "4.1.5"
  firebase_messaging_web:
    dependency: transitive
    description:
      name: firebase_messaging_web
      sha256: "183799a308a719acaa99ff223d59b1890c18c6fe64ad047632ad15014dfd22eb"
      url: "https://pub.dev"
    source: hosted
    version: "3.1.5"
  firebase_storage:
    dependency: "direct main"
    description:
      name: firebase_storage
      sha256: "5b070b3814d0d5c047ea5d6198b00a1cac8a1b58bbb958f1559f291908419e03"
      url: "https://pub.dev"
    source: hosted
    version: "10.3.4"
  firebase_storage_platform_interface:
    dependency: transitive
    description:
      name: firebase_storage_platform_interface
      sha256: "9ee29ef8d4f2ef12875f686518cf73d7b92d18865a59ce9e9fca5686c074e464"
      url: "https://pub.dev"
    source: hosted
    version: "4.1.12"
  firebase_storage_web:
    dependency: transitive
    description:
      name: firebase_storage_web
      sha256: "0a8007fc1e6f5e3e46a70e985fa15a59c3b2257d3c1d03b3c0015e2b0dac763d"
      url: "https://pub.dev"
    source: hosted
    version: "3.3.2"
  fixnum:
    dependency: transitive
    description:
      name: fixnum
      sha256: "04be3e934c52e082558cc9ee21f42f5c1cd7a1262f4c63cd0357c08d5bba81ec"
      url: "https://pub.dev"
    source: hosted
    version: "1.0.1"
  flutter:
    dependency: "direct main"
    description: flutter
    source: sdk
    version: "0.0.0"
  flutter_bloc:
    dependency: "direct main"
    description:
      name: flutter_bloc
      sha256: "890c51c8007f0182360e523518a0c732efb89876cb4669307af7efada5b55557"
      url: "https://pub.dev"
    source: hosted
    version: "8.1.1"
  flutter_countdown_timer:
    dependency: "direct main"
    description:
      name: flutter_countdown_timer
      sha256: dfcbd7d6f76a5589f78f3f3ba2f9ea2e199368eccc1adce4153ce985b9587bc5
      url: "https://pub.dev"
    source: hosted
    version: "4.1.0"
  flutter_lints:
    dependency: "direct dev"
    description:
      name: flutter_lints
      sha256: b543301ad291598523947dc534aaddc5aaad597b709d2426d3a0e0d44c5cb493
      url: "https://pub.dev"
    source: hosted
    version: "1.0.4"
  flutter_local_notifications:
    dependency: "direct main"
    description:
      name: flutter_local_notifications
      sha256: "938451ba81192c377e311aced9e24b63dc0f9013536195bfb82837317c57b56e"
      url: "https://pub.dev"
    source: hosted
    version: "11.0.1"
  flutter_local_notifications_linux:
    dependency: transitive
    description:
      name: flutter_local_notifications_linux
      sha256: "6af440e3962eeab8459602c309d7d4ab9e62f05d5cfe58195a28f846a0b5d523"
      url: "https://pub.dev"
    source: hosted
    version: "1.0.0"
  flutter_local_notifications_platform_interface:
    dependency: transitive
    description:
      name: flutter_local_notifications_platform_interface
      sha256: "5ec1feac5f7f7d9266759488bc5f76416152baba9aa1b26fe572246caa00d1ab"
      url: "https://pub.dev"
    source: hosted
    version: "6.0.0"
  flutter_localizations:
    dependency: transitive
    description: flutter
    source: sdk
    version: "0.0.0"
  flutter_plugin_android_lifecycle:
    dependency: transitive
    description:
      name: flutter_plugin_android_lifecycle
      sha256: "60fc7b78455b94e6de2333d2f95196d32cf5c22f4b0b0520a628804cb463503b"
      url: "https://pub.dev"
    source: hosted
    version: "2.0.7"
  flutter_rating_bar:
    dependency: "direct main"
    description:
      name: flutter_rating_bar
      sha256: d2af03469eac832c591a1eba47c91ecc871fe5708e69967073c043b2d775ed93
      url: "https://pub.dev"
    source: hosted
    version: "4.0.1"
  flutter_svg:
    dependency: transitive
    description:
      name: flutter_svg
      sha256: "0382db7886d4d0e23dd4e1261406bdf65ffdf7ecbdcb25c1f5ad09a80ecfab96"
      url: "https://pub.dev"
    source: hosted
    version: "1.1.3"
  flutter_switch:
    dependency: "direct main"
    description:
      name: flutter_switch
      sha256: b91477f926bba135d2d203d7b24367492662d8d9c3aa6adb960b14c1087d3c41
      url: "https://pub.dev"
    source: hosted
    version: "0.3.2"
  flutter_test:
    dependency: "direct dev"
    description: flutter
    source: sdk
    version: "0.0.0"
  flutter_web_plugins:
    dependency: transitive
    description: flutter
    source: sdk
    version: "0.0.0"
  font_awesome_flutter:
    dependency: "direct main"
    description:
      name: font_awesome_flutter
      sha256: "7811c8b4e7455d2f60ef30022a6a07376de2858b47aecbe2861965b348fe2016"
      url: "https://pub.dev"
    source: hosted
    version: "10.1.0"
  frontend_server_client:
    dependency: transitive
    description:
      name: frontend_server_client
      sha256: "4f4a162323c86ffc1245765cfe138872b8f069deb42f7dbb36115fa27f31469b"
      url: "https://pub.dev"
    source: hosted
    version: "2.1.3"
  get:
    dependency: "direct main"
    description:
      name: get
      sha256: "2ba20a47c8f1f233bed775ba2dd0d3ac97b4cf32fc17731b3dfc672b06b0e92a"
      url: "https://pub.dev"
    source: hosted
    version: "4.6.5"
  get_it:
    dependency: "direct main"
    description:
      name: get_it
      sha256: "290fde3a86072e4b37dbb03c07bec6126f0ecc28dad403c12ffe2e5a2d751ab7"
      url: "https://pub.dev"
    source: hosted
    version: "7.2.0"
  glass:
    dependency: "direct main"
    description:
      name: glass
      sha256: "21bc231f98f14be381f0022d99b56326075a3645122c59dc8124c9b8bd9ac337"
      url: "https://pub.dev"
    source: hosted
    version: "1.0.1+1"
  glob:
    dependency: transitive
    description:
      name: glob
      sha256: c51b4fdfee4d281f49b8c957f1add91b815473597f76bcf07377987f66a55729
      url: "https://pub.dev"
    source: hosted
    version: "2.1.0"
  google_fonts:
    dependency: "direct main"
    description:
      name: google_fonts
      sha256: a9df6f353ca45d6328c5015e5f7f92a79ba9b781719b631bbf2189a20c12bc49
      url: "https://pub.dev"
    source: hosted
    version: "2.0.0"
  google_sign_in:
    dependency: "direct main"
    description:
      name: google_sign_in
      sha256: a8a411a395935e0cef56172298dfeaa7f3556babc56912d98a3b761106a470c2
      url: "https://pub.dev"
    source: hosted
    version: "5.4.0"
  google_sign_in_android:
    dependency: transitive
    description:
      name: google_sign_in_android
      sha256: "23f5f2ac9c007bf0cf02380baaa67fff039efbf38b7a2a285c376c753f9767fa"
      url: "https://pub.dev"
    source: hosted
    version: "6.0.1"
  google_sign_in_ios:
    dependency: transitive
    description:
      name: google_sign_in_ios
      sha256: "8b80074ccda41b62553010b311506f5022f7d2701e4f22765546b3125450f9f3"
      url: "https://pub.dev"
    source: hosted
    version: "5.4.0"
  google_sign_in_platform_interface:
    dependency: transitive
    description:
      name: google_sign_in_platform_interface
      sha256: "252d0fadcd1e7939f1e00602eca1020b585d448aaa4b87c33137ca8717cd9e87"
      url: "https://pub.dev"
    source: hosted
    version: "2.2.0"
  google_sign_in_web:
    dependency: transitive
    description:
      name: google_sign_in_web
      sha256: "5b35c221169a7b3e0fc15043ac09102ef542300ef92f2e1f05d5d8efde263af5"
      url: "https://pub.dev"
    source: hosted
    version: "0.10.2"
  graphs:
    dependency: transitive
    description:
      name: graphs
      sha256: ae0b3d956ff324c6f8671f08dcb2dbd71c99cdbf2aa3ca63a14190c47aa6679c
      url: "https://pub.dev"
    source: hosted
    version: "2.1.0"
  hive:
    dependency: transitive
    description:
      name: hive
      sha256: "8dcf6db979d7933da8217edcec84e9df1bdb4e4edc7fc77dbd5aa74356d6d941"
      url: "https://pub.dev"
    source: hosted
    version: "2.2.3"
  http:
    dependency: "direct main"
    description:
      name: http
      sha256: "2ed163531e071c2c6b7c659635112f24cb64ecbebf6af46b550d536c0b1aa112"
      url: "https://pub.dev"
    source: hosted
    version: "0.13.4"
  http_auth:
    dependency: "direct main"
    description:
      name: http_auth
      sha256: b5abf5a63e43a3352cb88de85c8260e2bf15a71a7270f05b40a7cc0b695bbb1b
      url: "https://pub.dev"
    source: hosted
    version: "1.0.1"
  http_multi_server:
    dependency: transitive
    description:
      name: http_multi_server
      sha256: "97486f20f9c2f7be8f514851703d0119c3596d14ea63227af6f7a481ef2b2f8b"
      url: "https://pub.dev"
    source: hosted
    version: "3.2.1"
  http_parser:
    dependency: transitive
    description:
      name: http_parser
      sha256: db3060f22889f3d9d55f6a217565486737037eec3609f7f3eca4d0c67ee0d8a0
      url: "https://pub.dev"
    source: hosted
    version: "4.0.1"
  hydrated_bloc:
    dependency: "direct main"
    description:
      name: hydrated_bloc
      sha256: d180a871ba583c9ffab4f9469da23fb8431a4d9a1e7828f5332274afd11318d0
      url: "https://pub.dev"
    source: hosted
    version: "8.1.0"
  intl:
    dependency: "direct main"
    description:
      name: intl
      sha256: "910f85bce16fb5c6f614e117efa303e85a1731bb0081edf3604a2ae6e9a3cc91"
      url: "https://pub.dev"
    source: hosted
    version: "0.17.0"
  io:
    dependency: transitive
    description:
      name: io
      sha256: "0d4c73c3653ab85bf696d51a9657604c900a370549196a91f33e4c39af760852"
      url: "https://pub.dev"
    source: hosted
    version: "1.0.3"
  js:
    dependency: transitive
    description:
      name: js
      sha256: "5528c2f391ededb7775ec1daa69e65a2d61276f7552de2b5f7b8d34ee9fd4ab7"
      url: "https://pub.dev"
    source: hosted
    version: "0.6.5"
  json_annotation:
    dependency: "direct main"
    description:
      name: json_annotation
      sha256: cb314f00b2488de7bc575207e54402cd2f92363f333a7933fd1b0631af226baa
      url: "https://pub.dev"
    source: hosted
    version: "4.6.0"
  json_serializable:
    dependency: "direct main"
    description:
      name: json_serializable
      sha256: "0cec7060459254cf1ff980c08dedca6fa50917724a3c3ec8c5026cb88dee8238"
      url: "https://pub.dev"
    source: hosted
    version: "6.3.1"
  lints:
    dependency: transitive
    description:
      name: lints
      sha256: a2c3d198cb5ea2e179926622d433331d8b58374ab8f29cdda6e863bd62fd369c
      url: "https://pub.dev"
    source: hosted
    version: "1.0.1"
  logging:
    dependency: transitive
    description:
      name: logging
      sha256: c0bbfe94d46aedf9b8b3e695cf3bd48c8e14b35e3b2c639e0aa7755d589ba946
      url: "https://pub.dev"
    source: hosted
    version: "1.1.0"
  matcher:
    dependency: transitive
    description:
      name: matcher
      sha256: "16db949ceee371e9b99d22f88fa3a73c4e59fd0afed0bd25fc336eb76c198b72"
      url: "https://pub.dev"
    source: hosted
    version: "0.12.13"
  material_color_utilities:
    dependency: transitive
    description:
      name: material_color_utilities
      sha256: d92141dc6fe1dad30722f9aa826c7fbc896d021d792f80678280601aff8cf724
      url: "https://pub.dev"
    source: hosted
    version: "0.2.0"
  meta:
    dependency: transitive
    description:
      name: meta
      sha256: "6c268b42ed578a53088d834796959e4a1814b5e9e164f147f580a386e5decf42"
      url: "https://pub.dev"
    source: hosted
    version: "1.8.0"
  mime:
    dependency: transitive
    description:
      name: mime
      sha256: dab22e92b41aa1255ea90ddc4bc2feaf35544fd0728e209638cad041a6e3928a
      url: "https://pub.dev"
    source: hosted
    version: "1.0.2"
  nested:
    dependency: transitive
    description:
      name: nested
      sha256: "03bac4c528c64c95c722ec99280375a6f2fc708eec17c7b3f07253b626cd2a20"
      url: "https://pub.dev"
    source: hosted
    version: "1.0.0"
  otp_text_field:
    dependency: "direct main"
    description:
      name: otp_text_field
      sha256: "340b1ed135e1abe9fac0aaebe1c4e48147d95a3e29ecb03ae45ad63a7c28d65d"
      url: "https://pub.dev"
    source: hosted
    version: "1.1.3"
  package_config:
    dependency: transitive
    description:
      name: package_config
      sha256: "1c5b77ccc91e4823a5af61ee74e6b972db1ef98c2ff5a18d3161c982a55448bd"
      url: "https://pub.dev"
    source: hosted
    version: "2.1.0"
  path:
    dependency: transitive
    description:
      name: path
      sha256: db9d4f58c908a4ba5953fcee2ae317c94889433e5024c27ce74a37f94267945b
      url: "https://pub.dev"
    source: hosted
    version: "1.8.2"
  path_drawing:
    dependency: transitive
    description:
      name: path_drawing
      sha256: bbb1934c0cbb03091af082a6389ca2080345291ef07a5fa6d6e078ba8682f977
      url: "https://pub.dev"
    source: hosted
    version: "1.0.1"
  path_parsing:
    dependency: transitive
    description:
      name: path_parsing
      sha256: e3e67b1629e6f7e8100b367d3db6ba6af4b1f0bb80f64db18ef1fbabd2fa9ccf
      url: "https://pub.dev"
    source: hosted
    version: "1.0.1"
  path_provider:
    dependency: "direct main"
    description:
      name: path_provider
      sha256: "050e8e85e4b7fecdf2bb3682c1c64c4887a183720c802d323de8a5fd76d372dd"
      url: "https://pub.dev"
    source: hosted
    version: "2.0.11"
  path_provider_android:
    dependency: transitive
    description:
      name: path_provider_android
      sha256: "833c8bcb182b515cd872c113e29aaaffd29a1c720259dd2f65ab35ed5e0db748"
      url: "https://pub.dev"
    source: hosted
    version: "2.0.17"
  path_provider_ios:
    dependency: transitive
    description:
      name: path_provider_ios
      sha256: "03d639406f5343478352433f00d3c4394d52dac8df3d847869c5e2333e0bbce8"
      url: "https://pub.dev"
    source: hosted
    version: "2.0.11"
  path_provider_linux:
    dependency: transitive
    description:
      name: path_provider_linux
      sha256: ab0987bf95bc591da42dffb38c77398fc43309f0b9b894dcc5d6f40c4b26c379
      url: "https://pub.dev"
    source: hosted
    version: "2.1.7"
  path_provider_macos:
    dependency: transitive
    description:
      name: path_provider_macos
      sha256: "2a97e7fbb7ae9dcd0dfc1220a78e9ec3e71da691912e617e8715ff2a13086ae8"
      url: "https://pub.dev"
    source: hosted
    version: "2.0.6"
  path_provider_platform_interface:
    dependency: transitive
    description:
      name: path_provider_platform_interface
      sha256: "27dc7a224fcd07444cb5e0e60423ccacea3e13cf00fc5282ac2c918132da931d"
      url: "https://pub.dev"
    source: hosted
    version: "2.0.4"
  path_provider_windows:
    dependency: transitive
    description:
      name: path_provider_windows
      sha256: "999d3dc2ac03ca3f8433018efa40b73558fa4f9759bf8383a217861d120c7d74"
      url: "https://pub.dev"
    source: hosted
    version: "2.1.0"
  pay:
    dependency: "direct main"
    description:
      name: pay
      sha256: "42a36971d618c09317f87dcbdf2e160da5521f841520f30e0bced35f759381db"
      url: "https://pub.dev"
    source: hosted
    version: "1.0.10"
  pay_android:
    dependency: transitive
    description:
      name: pay_android
      sha256: a7773a2705a168ef815d01eecf54b93c9506910a35937dbe473541472a1ab07b
      url: "https://pub.dev"
    source: hosted
    version: "1.0.7"
  pay_ios:
    dependency: transitive
    description:
      name: pay_ios
      sha256: c312ef829b136083b6e3863b3777d069def8ffd5948dcd0552540d0207735b8e
      url: "https://pub.dev"
    source: hosted
    version: "1.0.7"
  pay_platform_interface:
    dependency: transitive
    description:
      name: pay_platform_interface
      sha256: "944a18615fce41328c8185d87fef168b7b3ee1364ffc7c93339e0767aa3f249a"
      url: "https://pub.dev"
    source: hosted
    version: "1.0.2"
  petitparser:
    dependency: transitive
    description:
      name: petitparser
      sha256: "2ebb289dc4764ec397f5cd3ca9881c6d17196130a7d646ed022a0dd9c2e25a71"
      url: "https://pub.dev"
    source: hosted
    version: "5.0.0"
  platform:
    dependency: transitive
    description:
      name: platform
      sha256: "4a451831508d7d6ca779f7ac6e212b4023dd5a7d08a27a63da33756410e32b76"
      url: "https://pub.dev"
    source: hosted
    version: "3.1.0"
  plugin_platform_interface:
    dependency: transitive
    description:
      name: plugin_platform_interface
      sha256: "075f927ebbab4262ace8d0b283929ac5410c0ac4e7fc123c76429564facfb757"
      url: "https://pub.dev"
    source: hosted
    version: "2.1.2"
  pool:
    dependency: transitive
    description:
      name: pool
      sha256: "20fe868b6314b322ea036ba325e6fc0711a22948856475e2c2b6306e8ab39c2a"
      url: "https://pub.dev"
    source: hosted
    version: "1.5.1"
  pretty_dio_logger:
    dependency: "direct main"
    description:
      name: pretty_dio_logger
      sha256: "948f7eeb36e7aa0760b51c1a8e3331d4b21e36fabd39efca81f585ed93893544"
      url: "https://pub.dev"
    source: hosted
    version: "1.2.0-beta-1"
  process:
    dependency: transitive
    description:
      name: process
      sha256: "53fd8db9cec1d37b0574e12f07520d582019cb6c44abf5479a01505099a34a09"
      url: "https://pub.dev"
    source: hosted
    version: "4.2.4"
  provider:
    dependency: transitive
    description:
      name: provider
      sha256: e1e7413d70444ea3096815a60fe5da1b11bda8a9dc4769252cc82c53536f8bcc
      url: "https://pub.dev"
    source: hosted
    version: "6.0.4"
  pub_semver:
    dependency: transitive
    description:
      name: pub_semver
      sha256: b959af0a045c3484c4a8f4997731f5bfe4cac60d732fd8ce35b351f2d6a459fe
      url: "https://pub.dev"
    source: hosted
    version: "2.1.2"
  pubspec_parse:
    dependency: transitive
    description:
      name: pubspec_parse
      sha256: "75f6614d6dde2dc68948dffbaa4fe5dae32cd700eb9fb763fe11dfb45a3c4d0a"
      url: "https://pub.dev"
    source: hosted
    version: "1.2.1"
  quiver:
    dependency: transitive
    description:
      name: quiver
      sha256: "93982981971e812c94d4a6fa3a57b89f9ec12b38b6380cd3c1370c3b01e4580e"
      url: "https://pub.dev"
    source: hosted
    version: "3.1.0"
  readmore:
    dependency: "direct main"
    description:
      name: readmore
      sha256: "99c2483202f7c7e98c50834d72be2b119aefecf4497ca1960ae9d5f418eb1481"
      url: "https://pub.dev"
    source: hosted
    version: "2.2.0"
  retrofit:
    dependency: "direct main"
    description:
      name: retrofit
      sha256: c85be76006dd973aaeb6908bc4e4712e9366dfa79c8120a1ab17bb8c500c4c03
      url: "https://pub.dev"
    source: hosted
    version: "2.2.0"
  retrofit_generator:
    dependency: "direct dev"
    description:
      name: retrofit_generator
      sha256: cf61d9651b7a1c5ff4b189f064eaa797d25f38f7f3d441596cb80cc41d4a05c1
      url: "https://pub.dev"
    source: hosted
    version: "2.2.0"
  shared_preferences:
    dependency: "direct main"
    description:
      name: shared_preferences
      sha256: "76917b7d4b9526b2ba416808a7eb9fb2863c1a09cf63ec85f1453da240fa818a"
      url: "https://pub.dev"
    source: hosted
    version: "2.0.15"
  shared_preferences_android:
    dependency: transitive
    description:
      name: shared_preferences_android
      sha256: "853801ce6ba7429ec4e923e37317f32a57c903de50b8c33ffcfbdb7e6f0dd39c"
      url: "https://pub.dev"
    source: hosted
    version: "2.0.12"
  shared_preferences_ios:
    dependency: transitive
    description:
      name: shared_preferences_ios
      sha256: "585a14cefec7da8c9c2fb8cd283a3bb726b4155c0952afe6a0caaa7b2272de34"
      url: "https://pub.dev"
    source: hosted
    version: "2.1.1"
  shared_preferences_linux:
    dependency: transitive
    description:
      name: shared_preferences_linux
      sha256: "28aefc1261746e7bad3d09799496054beb84e8c4ffcdfed7734e17b4ada459a5"
      url: "https://pub.dev"
    source: hosted
    version: "2.1.1"
  shared_preferences_macos:
    dependency: transitive
    description:
      name: shared_preferences_macos
      sha256: fbb94bf296576f49be37a1496d5951796211a8db0aa22cc0d68c46440dad808c
      url: "https://pub.dev"
    source: hosted
    version: "2.0.4"
  shared_preferences_platform_interface:
    dependency: transitive
    description:
      name: shared_preferences_platform_interface
      sha256: "992f0fdc46d0a3c0ac2e5859f2de0e577bbe51f78a77ee8f357cbe626a2ad32d"
      url: "https://pub.dev"
    source: hosted
    version: "2.0.0"
  shared_preferences_web:
    dependency: transitive
    description:
      name: shared_preferences_web
      sha256: a4b5bc37fe1b368bbc81f953197d55e12f49d0296e7e412dfe2d2d77d6929958
      url: "https://pub.dev"
    source: hosted
    version: "2.0.4"
  shared_preferences_windows:
    dependency: transitive
    description:
      name: shared_preferences_windows
      sha256: "97f7ab9a7da96d9cf19581f5de520ceb529548498bd6b5e0ccd02d68a0d15eba"
      url: "https://pub.dev"
    source: hosted
    version: "2.1.1"
  shelf:
    dependency: transitive
    description:
      name: shelf
      sha256: c24a96135a2ccd62c64b69315a14adc5c3419df63b4d7c05832a346fdb73682c
      url: "https://pub.dev"
    source: hosted
    version: "1.4.0"
  shelf_web_socket:
    dependency: transitive
    description:
      name: shelf_web_socket
      sha256: "6db16374bc3497d21aa0eebe674d3db9fdf82082aac0f04dc7b44e4af5b08afc"
      url: "https://pub.dev"
    source: hosted
    version: "1.0.2"
  sky_engine:
    dependency: transitive
    description: flutter
    source: sdk
    version: "0.0.99"
  source_gen:
    dependency: "direct dev"
    description:
      name: source_gen
      sha256: "00f8b6b586f724a8c769c96f1d517511a41661c0aede644544d8d86a1ab11142"
      url: "https://pub.dev"
    source: hosted
    version: "1.2.2"
  source_helper:
    dependency: transitive
    description:
      name: source_helper
      sha256: "522d9b05c40ec14f479ce4428337d106c0465fedab42f514582c198460a784fe"
      url: "https://pub.dev"
    source: hosted
    version: "1.3.2"
  source_span:
    dependency: transitive
    description:
      name: source_span
      sha256: dd904f795d4b4f3b870833847c461801f6750a9fa8e61ea5ac53f9422b31f250
      url: "https://pub.dev"
    source: hosted
    version: "1.9.1"
  stack_trace:
    dependency: transitive
    description:
      name: stack_trace
      sha256: c3c7d8edb15bee7f0f74debd4b9c5f3c2ea86766fe4178eb2a18eb30a0bdaed5
      url: "https://pub.dev"
    source: hosted
    version: "1.11.0"
  stream_channel:
    dependency: transitive
    description:
      name: stream_channel
      sha256: "83615bee9045c1d322bbbd1ba209b7a749c2cbcdcb3fdd1df8eb488b3279c1c8"
      url: "https://pub.dev"
    source: hosted
    version: "2.1.1"
  stream_transform:
    dependency: transitive
    description:
      name: stream_transform
      sha256: f1d172e22a5432c042b5adfa9aff621372e4292231d9d73ad00f486ad01c2395
      url: "https://pub.dev"
    source: hosted
    version: "2.0.1"
  string_scanner:
    dependency: transitive
    description:
      name: string_scanner
      sha256: "556692adab6cfa87322a115640c11f13cb77b3f076ddcc5d6ae3c20242bedcde"
      url: "https://pub.dev"
    source: hosted
    version: "1.2.0"
  synchronized:
    dependency: transitive
    description:
      name: synchronized
      sha256: "7b530acd9cb7c71b0019a1e7fa22c4105e675557a4400b6a401c71c5e0ade1ac"
      url: "https://pub.dev"
    source: hosted
    version: "3.0.0+3"
  term_glyph:
    dependency: transitive
    description:
      name: term_glyph
      sha256: a29248a84fbb7c79282b40b8c72a1209db169a2e0542bce341da992fe1bc7e84
      url: "https://pub.dev"
    source: hosted
    version: "1.2.1"
  test_api:
    dependency: transitive
    description:
      name: test_api
      sha256: ad540f65f92caa91bf21dfc8ffb8c589d6e4dc0c2267818b4cc2792857706206
      url: "https://pub.dev"
    source: hosted
    version: "0.4.16"
  time:
    dependency: transitive
    description:
      name: time
      sha256: "83427e11d9072e038364a5e4da559e85869b227cf699a541be0da74f14140124"
      url: "https://pub.dev"
    source: hosted
    version: "2.1.3"
  timezone:
    dependency: transitive
    description:
      name: timezone
      sha256: "2e59efc48e9f684c327c0498ac0b81411aee18b10c82f2db2c08f7f052493569"
      url: "https://pub.dev"
    source: hosted
    version: "0.9.0"
  timing:
    dependency: transitive
    description:
      name: timing
      sha256: c386d07d7f5efc613479a7c4d9d64b03710b03cfaa7e8ad5f2bfb295a1f0dfad
      url: "https://pub.dev"
    source: hosted
    version: "1.0.0"
  tuple:
    dependency: transitive
    description:
      name: tuple
      sha256: "0ea99cd2f9352b2586583ab2ce6489d1f95a5f6de6fb9492faaf97ae2060f0aa"
      url: "https://pub.dev"
    source: hosted
    version: "2.0.1"
  typed_data:
    dependency: transitive
    description:
      name: typed_data
      sha256: "26f87ade979c47a150c9eaab93ccd2bebe70a27dc0b4b29517f2904f04eb11a5"
      url: "https://pub.dev"
    source: hosted
    version: "1.3.1"
  vector_math:
    dependency: transitive
    description:
      name: vector_math
      sha256: "80b3257d1492ce4d091729e3a67a60407d227c27241d6927be0130c98e741803"
      url: "https://pub.dev"
    source: hosted
    version: "2.1.4"
  watcher:
    dependency: transitive
    description:
      name: watcher
      sha256: "6a7f46926b01ce81bfc339da6a7f20afbe7733eff9846f6d6a5466aa4c6667c0"
      url: "https://pub.dev"
    source: hosted
    version: "1.0.2"
  web_socket_channel:
    dependency: transitive
    description:
      name: web_socket_channel
      sha256: "3a969ddcc204a3e34e863d204b29c0752716f78b6f9cc8235083208d268a4ccd"
      url: "https://pub.dev"
    source: hosted
    version: "2.2.0"
  webview_flutter:
    dependency: "direct main"
    description:
      name: webview_flutter
      sha256: "392c1d83b70fe2495de3ea2c84531268d5b8de2de3f01086a53334d8b6030a88"
      url: "https://pub.dev"
    source: hosted
    version: "3.0.4"
  webview_flutter_android:
    dependency: transitive
    description:
      name: webview_flutter_android
      sha256: "3576f5a9d0cc15b04883ba0601dcb5f9335e8f9964347c2fe711e2f4323e2c8d"
      url: "https://pub.dev"
    source: hosted
    version: "2.9.3"
  webview_flutter_platform_interface:
    dependency: transitive
    description:
      name: webview_flutter_platform_interface
      sha256: "60828a1ae6a1ac779895768b5567aea1157e1b0b58660ce67c6da30ae56694ec"
      url: "https://pub.dev"
    source: hosted
    version: "1.9.1"
  webview_flutter_wkwebview:
    dependency: transitive
    description:
      name: webview_flutter_wkwebview
      sha256: "9464467a6736a594678c32f53bba55ad1c3f6ead00a494d54c04a93670e8ed7f"
      url: "https://pub.dev"
    source: hosted
    version: "2.9.3"
  win32:
    dependency: transitive
    description:
      name: win32
      sha256: "6b75ac2ddd42f5c226fdaf4498a2b04071c06f1f2b8f7ab1c3f77cc7f2285ff1"
      url: "https://pub.dev"
    source: hosted
    version: "2.7.0"
  xdg_directories:
    dependency: transitive
    description:
      name: xdg_directories
      sha256: "060b6e1c891d956f72b5ac9463466c37cce3fa962a921532fc001e86fe93438e"
      url: "https://pub.dev"
    source: hosted
    version: "0.2.0+1"
  xml:
    dependency: transitive
    description:
      name: xml
      sha256: ac0e3f4bf00ba2708c33fbabbbe766300e509f8c82dbd4ab6525039813f7e2fb
      url: "https://pub.dev"
    source: hosted
    version: "6.1.0"
  yaml:
    dependency: transitive
    description:
      name: yaml
      sha256: "23812a9b125b48d4007117254bca50abb6c712352927eece9e155207b1db2370"
      url: "https://pub.dev"
    source: hosted
    version: "3.1.1"
sdks:
  dart: ">=2.18.0 <3.0.0"
  flutter: ">=3.0.0"
